// !$*UTF8*$!
{
	archiveVersion = 1;
	classes = {
	};
	objectVersion = 50;
	objects = {

/* Begin PBXBuildFile section */
		2445DC21224056490025BA9D /* AppDelegate.swift in Sources */ = {isa = PBXBuildFile; fileRef = 2445DC20224056490025BA9D /* AppDelegate.swift */; };
		2445DC26224056490025BA9D /* Main.storyboard in Resources */ = {isa = PBXBuildFile; fileRef = 2445DC24224056490025BA9D /* Main.storyboard */; };
		2445DC282240564A0025BA9D /* Assets.xcassets in Resources */ = {isa = PBXBuildFile; fileRef = 2445DC272240564A0025BA9D /* Assets.xcassets */; };
		2445DC2B2240564A0025BA9D /* LaunchScreen.storyboard in Resources */ = {isa = PBXBuildFile; fileRef = 2445DC292240564A0025BA9D /* LaunchScreen.storyboard */; };
		2445DC362240564A0025BA9D /* PurdueWashTests.swift in Sources */ = {isa = PBXBuildFile; fileRef = 2445DC352240564A0025BA9D /* PurdueWashTests.swift */; };
		2445DC412240564A0025BA9D /* PurdueWashUITests.swift in Sources */ = {isa = PBXBuildFile; fileRef = 2445DC402240564A0025BA9D /* PurdueWashUITests.swift */; };
		2445DC4F224059FE0025BA9D /* LaundryRoomTableViewCell.swift in Sources */ = {isa = PBXBuildFile; fileRef = 2445DC4E224059FE0025BA9D /* LaundryRoomTableViewCell.swift */; };
		2445DC532240768F0025BA9D /* HomeViewController.swift in Sources */ = {isa = PBXBuildFile; fileRef = 2445DC522240768F0025BA9D /* HomeViewController.swift */; };
		24FEC9FD22498A2400487847 /* LaundryRoomViewController.swift in Sources */ = {isa = PBXBuildFile; fileRef = 24FEC9FC22498A2400487847 /* LaundryRoomViewController.swift */; };
		24FEC9FF22498A5800487847 /* MachineTableViewCell.swift in Sources */ = {isa = PBXBuildFile; fileRef = 24FEC9FE22498A5800487847 /* MachineTableViewCell.swift */; };
		66DEAE893A8C7BA6DD99CEA1 /* Pods_PurdueWashUITests.framework in Frameworks */ = {isa = PBXBuildFile; fileRef = CB0B66C40535391B2B718AB5 /* Pods_PurdueWashUITests.framework */; };
		9EE9D731B18C79F9DD9B62AC /* Pods_PurdueWash.framework in Frameworks */ = {isa = PBXBuildFile; fileRef = 2C5BDECB693529D41500D154 /* Pods_PurdueWash.framework */; };
		CC0E6DAC64908804DA44DDB1 /* Pods_PurdueWashTests.framework in Frameworks */ = {isa = PBXBuildFile; fileRef = 77D1E2871FFBD235581C4360 /* Pods_PurdueWashTests.framework */; };
/* End PBXBuildFile section */

/* Begin PBXContainerItemProxy section */
		2445DC322240564A0025BA9D /* PBXContainerItemProxy */ = {
			isa = PBXContainerItemProxy;
			containerPortal = 2445DC15224056490025BA9D /* Project object */;
			proxyType = 1;
			remoteGlobalIDString = 2445DC1C224056490025BA9D;
			remoteInfo = PurdueWash;
		};
		2445DC3D2240564A0025BA9D /* PBXContainerItemProxy */ = {
			isa = PBXContainerItemProxy;
			containerPortal = 2445DC15224056490025BA9D /* Project object */;
			proxyType = 1;
			remoteGlobalIDString = 2445DC1C224056490025BA9D;
			remoteInfo = PurdueWash;
		};
/* End PBXContainerItemProxy section */

/* Begin PBXFileReference section */
		026BF8AFFB539A219896736F /* Pods-PurdueWashUITests.debug.xcconfig */ = {isa = PBXFileReference; includeInIndex = 1; lastKnownFileType = text.xcconfig; name = "Pods-PurdueWashUITests.debug.xcconfig"; path = "Pods/Target Support Files/Pods-PurdueWashUITests/Pods-PurdueWashUITests.debug.xcconfig"; sourceTree = "<group>"; };
		17BF19F70CFF2534F439E1BA /* Pods-PurdueWashTests.debug.xcconfig */ = {isa = PBXFileReference; includeInIndex = 1; lastKnownFileType = text.xcconfig; name = "Pods-PurdueWashTests.debug.xcconfig"; path = "Pods/Target Support Files/Pods-PurdueWashTests/Pods-PurdueWashTests.debug.xcconfig"; sourceTree = "<group>"; };
		2445DC1D224056490025BA9D /* PurdueWash.app */ = {isa = PBXFileReference; explicitFileType = wrapper.application; includeInIndex = 0; path = PurdueWash.app; sourceTree = BUILT_PRODUCTS_DIR; };
		2445DC20224056490025BA9D /* AppDelegate.swift */ = {isa = PBXFileReference; lastKnownFileType = sourcecode.swift; path = AppDelegate.swift; sourceTree = "<group>"; };
		2445DC25224056490025BA9D /* Base */ = {isa = PBXFileReference; lastKnownFileType = file.storyboard; name = Base; path = Base.lproj/Main.storyboard; sourceTree = "<group>"; };
		2445DC272240564A0025BA9D /* Assets.xcassets */ = {isa = PBXFileReference; lastKnownFileType = folder.assetcatalog; path = Assets.xcassets; sourceTree = "<group>"; };
		2445DC2A2240564A0025BA9D /* Base */ = {isa = PBXFileReference; lastKnownFileType = file.storyboard; name = Base; path = Base.lproj/LaunchScreen.storyboard; sourceTree = "<group>"; };
		2445DC2C2240564A0025BA9D /* Info.plist */ = {isa = PBXFileReference; lastKnownFileType = text.plist.xml; path = Info.plist; sourceTree = "<group>"; };
		2445DC312240564A0025BA9D /* PurdueWashTests.xctest */ = {isa = PBXFileReference; explicitFileType = wrapper.cfbundle; includeInIndex = 0; path = PurdueWashTests.xctest; sourceTree = BUILT_PRODUCTS_DIR; };
		2445DC352240564A0025BA9D /* PurdueWashTests.swift */ = {isa = PBXFileReference; lastKnownFileType = sourcecode.swift; path = PurdueWashTests.swift; sourceTree = "<group>"; };
		2445DC372240564A0025BA9D /* Info.plist */ = {isa = PBXFileReference; lastKnownFileType = text.plist.xml; path = Info.plist; sourceTree = "<group>"; };
		2445DC3C2240564A0025BA9D /* PurdueWashUITests.xctest */ = {isa = PBXFileReference; explicitFileType = wrapper.cfbundle; includeInIndex = 0; path = PurdueWashUITests.xctest; sourceTree = BUILT_PRODUCTS_DIR; };
		2445DC402240564A0025BA9D /* PurdueWashUITests.swift */ = {isa = PBXFileReference; lastKnownFileType = sourcecode.swift; path = PurdueWashUITests.swift; sourceTree = "<group>"; };
		2445DC422240564A0025BA9D /* Info.plist */ = {isa = PBXFileReference; lastKnownFileType = text.plist.xml; path = Info.plist; sourceTree = "<group>"; };
		2445DC4E224059FE0025BA9D /* LaundryRoomTableViewCell.swift */ = {isa = PBXFileReference; lastKnownFileType = sourcecode.swift; path = LaundryRoomTableViewCell.swift; sourceTree = "<group>"; };
		2445DC522240768F0025BA9D /* HomeViewController.swift */ = {isa = PBXFileReference; lastKnownFileType = sourcecode.swift; path = HomeViewController.swift; sourceTree = "<group>"; };
		24FEC9FC22498A2400487847 /* LaundryRoomViewController.swift */ = {isa = PBXFileReference; lastKnownFileType = sourcecode.swift; path = LaundryRoomViewController.swift; sourceTree = "<group>"; };
		24FEC9FE22498A5800487847 /* MachineTableViewCell.swift */ = {isa = PBXFileReference; lastKnownFileType = sourcecode.swift; path = MachineTableViewCell.swift; sourceTree = "<group>"; };
		2C5BDECB693529D41500D154 /* Pods_PurdueWash.framework */ = {isa = PBXFileReference; explicitFileType = wrapper.framework; includeInIndex = 0; path = Pods_PurdueWash.framework; sourceTree = BUILT_PRODUCTS_DIR; };
		39193CCE29F4E052C978E40B /* Pods-PurdueWash.release.xcconfig */ = {isa = PBXFileReference; includeInIndex = 1; lastKnownFileType = text.xcconfig; name = "Pods-PurdueWash.release.xcconfig"; path = "Pods/Target Support Files/Pods-PurdueWash/Pods-PurdueWash.release.xcconfig"; sourceTree = "<group>"; };
		48C17E4FEBBE3AF70A510422 /* Pods-PurdueWashTests.release.xcconfig */ = {isa = PBXFileReference; includeInIndex = 1; lastKnownFileType = text.xcconfig; name = "Pods-PurdueWashTests.release.xcconfig"; path = "Pods/Target Support Files/Pods-PurdueWashTests/Pods-PurdueWashTests.release.xcconfig"; sourceTree = "<group>"; };
		77D1E2871FFBD235581C4360 /* Pods_PurdueWashTests.framework */ = {isa = PBXFileReference; explicitFileType = wrapper.framework; includeInIndex = 0; path = Pods_PurdueWashTests.framework; sourceTree = BUILT_PRODUCTS_DIR; };
		C2DF8E37FFE424D3092BFED3 /* Pods-PurdueWashUITests.release.xcconfig */ = {isa = PBXFileReference; includeInIndex = 1; lastKnownFileType = text.xcconfig; name = "Pods-PurdueWashUITests.release.xcconfig"; path = "Pods/Target Support Files/Pods-PurdueWashUITests/Pods-PurdueWashUITests.release.xcconfig"; sourceTree = "<group>"; };
		CB0B66C40535391B2B718AB5 /* Pods_PurdueWashUITests.framework */ = {isa = PBXFileReference; explicitFileType = wrapper.framework; includeInIndex = 0; path = Pods_PurdueWashUITests.framework; sourceTree = BUILT_PRODUCTS_DIR; };
		F0751F5664CE0FC4714B4403 /* Pods-PurdueWash.debug.xcconfig */ = {isa = PBXFileReference; includeInIndex = 1; lastKnownFileType = text.xcconfig; name = "Pods-PurdueWash.debug.xcconfig"; path = "Pods/Target Support Files/Pods-PurdueWash/Pods-PurdueWash.debug.xcconfig"; sourceTree = "<group>"; };
/* End PBXFileReference section */

/* Begin PBXFrameworksBuildPhase section */
		2445DC1A224056490025BA9D /* Frameworks */ = {
			isa = PBXFrameworksBuildPhase;
			buildActionMask = 2147483647;
			files = (
				9EE9D731B18C79F9DD9B62AC /* Pods_PurdueWash.framework in Frameworks */,
			);
			runOnlyForDeploymentPostprocessing = 0;
		};
		2445DC2E2240564A0025BA9D /* Frameworks */ = {
			isa = PBXFrameworksBuildPhase;
			buildActionMask = 2147483647;
			files = (
				CC0E6DAC64908804DA44DDB1 /* Pods_PurdueWashTests.framework in Frameworks */,
			);
			runOnlyForDeploymentPostprocessing = 0;
		};
		2445DC392240564A0025BA9D /* Frameworks */ = {
			isa = PBXFrameworksBuildPhase;
			buildActionMask = 2147483647;
			files = (
				66DEAE893A8C7BA6DD99CEA1 /* Pods_PurdueWashUITests.framework in Frameworks */,
			);
			runOnlyForDeploymentPostprocessing = 0;
		};
/* End PBXFrameworksBuildPhase section */

/* Begin PBXGroup section */
		2445DC14224056490025BA9D = {
			isa = PBXGroup;
			children = (
				2445DC1F224056490025BA9D /* PurdueWash */,
				2445DC342240564A0025BA9D /* PurdueWashTests */,
				2445DC3F2240564A0025BA9D /* PurdueWashUITests */,
				2445DC1E224056490025BA9D /* Products */,
				7C43066E83CD00C5CFCF4A0B /* Pods */,
				A2FB87FA090AD94F5665308B /* Frameworks */,
			);
			sourceTree = "<group>";
		};
		2445DC1E224056490025BA9D /* Products */ = {
			isa = PBXGroup;
			children = (
				2445DC1D224056490025BA9D /* PurdueWash.app */,
				2445DC312240564A0025BA9D /* PurdueWashTests.xctest */,
				2445DC3C2240564A0025BA9D /* PurdueWashUITests.xctest */,
			);
			name = Products;
			sourceTree = "<group>";
		};
		2445DC1F224056490025BA9D /* PurdueWash */ = {
			isa = PBXGroup;
			children = (
				2445DC20224056490025BA9D /* AppDelegate.swift */,
				2445DC24224056490025BA9D /* Main.storyboard */,
				2445DC272240564A0025BA9D /* Assets.xcassets */,
				2445DC292240564A0025BA9D /* LaunchScreen.storyboard */,
				2445DC2C2240564A0025BA9D /* Info.plist */,
				2445DC4E224059FE0025BA9D /* LaundryRoomTableViewCell.swift */,
				2445DC522240768F0025BA9D /* HomeViewController.swift */,
				24FEC9FC22498A2400487847 /* LaundryRoomViewController.swift */,
				24FEC9FE22498A5800487847 /* MachineTableViewCell.swift */,
			);
			path = PurdueWash;
			sourceTree = "<group>";
		};
		2445DC342240564A0025BA9D /* PurdueWashTests */ = {
			isa = PBXGroup;
			children = (
				2445DC352240564A0025BA9D /* PurdueWashTests.swift */,
				2445DC372240564A0025BA9D /* Info.plist */,
			);
			path = PurdueWashTests;
			sourceTree = "<group>";
		};
		2445DC3F2240564A0025BA9D /* PurdueWashUITests */ = {
			isa = PBXGroup;
			children = (
				2445DC402240564A0025BA9D /* PurdueWashUITests.swift */,
				2445DC422240564A0025BA9D /* Info.plist */,
			);
			path = PurdueWashUITests;
			sourceTree = "<group>";
		};
		7C43066E83CD00C5CFCF4A0B /* Pods */ = {
			isa = PBXGroup;
			children = (
				F0751F5664CE0FC4714B4403 /* Pods-PurdueWash.debug.xcconfig */,
				39193CCE29F4E052C978E40B /* Pods-PurdueWash.release.xcconfig */,
				17BF19F70CFF2534F439E1BA /* Pods-PurdueWashTests.debug.xcconfig */,
				48C17E4FEBBE3AF70A510422 /* Pods-PurdueWashTests.release.xcconfig */,
				026BF8AFFB539A219896736F /* Pods-PurdueWashUITests.debug.xcconfig */,
				C2DF8E37FFE424D3092BFED3 /* Pods-PurdueWashUITests.release.xcconfig */,
			);
			name = Pods;
			sourceTree = "<group>";
		};
		A2FB87FA090AD94F5665308B /* Frameworks */ = {
			isa = PBXGroup;
			children = (
				2C5BDECB693529D41500D154 /* Pods_PurdueWash.framework */,
				77D1E2871FFBD235581C4360 /* Pods_PurdueWashTests.framework */,
				CB0B66C40535391B2B718AB5 /* Pods_PurdueWashUITests.framework */,
			);
			name = Frameworks;
			sourceTree = "<group>";
		};
/* End PBXGroup section */

/* Begin PBXNativeTarget section */
		2445DC1C224056490025BA9D /* PurdueWash */ = {
			isa = PBXNativeTarget;
			buildConfigurationList = 2445DC452240564A0025BA9D /* Build configuration list for PBXNativeTarget "PurdueWash" */;
			buildPhases = (
				5A612182229117828BDAFDC0 /* [CP] Check Pods Manifest.lock */,
				2445DC19224056490025BA9D /* Sources */,
				2445DC1A224056490025BA9D /* Frameworks */,
				2445DC1B224056490025BA9D /* Resources */,
				513B369DF97B322758D644F7 /* [CP] Embed Pods Frameworks */,
			);
			buildRules = (
			);
			dependencies = (
			);
			name = PurdueWash;
			productName = PurdueWash;
			productReference = 2445DC1D224056490025BA9D /* PurdueWash.app */;
			productType = "com.apple.product-type.application";
		};
		2445DC302240564A0025BA9D /* PurdueWashTests */ = {
			isa = PBXNativeTarget;
			buildConfigurationList = 2445DC482240564A0025BA9D /* Build configuration list for PBXNativeTarget "PurdueWashTests" */;
			buildPhases = (
				52B4EB5C65011AC8BC17F953 /* [CP] Check Pods Manifest.lock */,
				2445DC2D2240564A0025BA9D /* Sources */,
				2445DC2E2240564A0025BA9D /* Frameworks */,
				2445DC2F2240564A0025BA9D /* Resources */,
			);
			buildRules = (
			);
			dependencies = (
				2445DC332240564A0025BA9D /* PBXTargetDependency */,
			);
			name = PurdueWashTests;
			productName = PurdueWashTests;
			productReference = 2445DC312240564A0025BA9D /* PurdueWashTests.xctest */;
			productType = "com.apple.product-type.bundle.unit-test";
		};
		2445DC3B2240564A0025BA9D /* PurdueWashUITests */ = {
			isa = PBXNativeTarget;
			buildConfigurationList = 2445DC4B2240564A0025BA9D /* Build configuration list for PBXNativeTarget "PurdueWashUITests" */;
			buildPhases = (
				B655486A37F905CBFFFE44D4 /* [CP] Check Pods Manifest.lock */,
				2445DC382240564A0025BA9D /* Sources */,
				2445DC392240564A0025BA9D /* Frameworks */,
				2445DC3A2240564A0025BA9D /* Resources */,
			);
			buildRules = (
			);
			dependencies = (
				2445DC3E2240564A0025BA9D /* PBXTargetDependency */,
			);
			name = PurdueWashUITests;
			productName = PurdueWashUITests;
			productReference = 2445DC3C2240564A0025BA9D /* PurdueWashUITests.xctest */;
			productType = "com.apple.product-type.bundle.ui-testing";
		};
/* End PBXNativeTarget section */

/* Begin PBXProject section */
		2445DC15224056490025BA9D /* Project object */ = {
			isa = PBXProject;
			attributes = {
				LastSwiftUpdateCheck = 1010;
				LastUpgradeCheck = 1010;
				ORGANIZATIONNAME = "Tobi Ola";
				TargetAttributes = {
					2445DC1C224056490025BA9D = {
						CreatedOnToolsVersion = 10.1;
					};
					2445DC302240564A0025BA9D = {
						CreatedOnToolsVersion = 10.1;
						TestTargetID = 2445DC1C224056490025BA9D;
					};
					2445DC3B2240564A0025BA9D = {
						CreatedOnToolsVersion = 10.1;
						TestTargetID = 2445DC1C224056490025BA9D;
					};
				};
			};
			buildConfigurationList = 2445DC18224056490025BA9D /* Build configuration list for PBXProject "PurdueWash" */;
			compatibilityVersion = "Xcode 9.3";
			developmentRegion = en;
			hasScannedForEncodings = 0;
			knownRegions = (
				en,
				Base,
			);
			mainGroup = 2445DC14224056490025BA9D;
			productRefGroup = 2445DC1E224056490025BA9D /* Products */;
			projectDirPath = "";
			projectRoot = "";
			targets = (
				2445DC1C224056490025BA9D /* PurdueWash */,
				2445DC302240564A0025BA9D /* PurdueWashTests */,
				2445DC3B2240564A0025BA9D /* PurdueWashUITests */,
			);
		};
/* End PBXProject section */

/* Begin PBXResourcesBuildPhase section */
		2445DC1B224056490025BA9D /* Resources */ = {
			isa = PBXResourcesBuildPhase;
			buildActionMask = 2147483647;
			files = (
				2445DC2B2240564A0025BA9D /* LaunchScreen.storyboard in Resources */,
				2445DC282240564A0025BA9D /* Assets.xcassets in Resources */,
				2445DC26224056490025BA9D /* Main.storyboard in Resources */,
			);
			runOnlyForDeploymentPostprocessing = 0;
		};
		2445DC2F2240564A0025BA9D /* Resources */ = {
			isa = PBXResourcesBuildPhase;
			buildActionMask = 2147483647;
			files = (
			);
			runOnlyForDeploymentPostprocessing = 0;
		};
		2445DC3A2240564A0025BA9D /* Resources */ = {
			isa = PBXResourcesBuildPhase;
			buildActionMask = 2147483647;
			files = (
			);
			runOnlyForDeploymentPostprocessing = 0;
		};
/* End PBXResourcesBuildPhase section */

/* Begin PBXShellScriptBuildPhase section */
		513B369DF97B322758D644F7 /* [CP] Embed Pods Frameworks */ = {
			isa = PBXShellScriptBuildPhase;
			buildActionMask = 2147483647;
			files = (
			);
			inputFileListPaths = (
			);
			inputPaths = (
				"${SRCROOT}/Pods/Target Support Files/Pods-PurdueWash/Pods-PurdueWash-frameworks.sh",
				"${BUILT_PRODUCTS_DIR}/Alamofire/Alamofire.framework",
				"${BUILT_PRODUCTS_DIR}/AlamofireImage/AlamofireImage.framework",
			);
			name = "[CP] Embed Pods Frameworks";
			outputFileListPaths = (
			);
			outputPaths = (
				"${TARGET_BUILD_DIR}/${FRAMEWORKS_FOLDER_PATH}/Alamofire.framework",
				"${TARGET_BUILD_DIR}/${FRAMEWORKS_FOLDER_PATH}/AlamofireImage.framework",
			);
			runOnlyForDeploymentPostprocessing = 0;
			shellPath = /bin/sh;
			shellScript = "\"${SRCROOT}/Pods/Target Support Files/Pods-PurdueWash/Pods-PurdueWash-frameworks.sh\"\n";
			showEnvVarsInLog = 0;
		};
		52B4EB5C65011AC8BC17F953 /* [CP] Check Pods Manifest.lock */ = {
			isa = PBXShellScriptBuildPhase;
			buildActionMask = 2147483647;
			files = (
			);
			inputFileListPaths = (
			);
			inputPaths = (
				"${PODS_PODFILE_DIR_PATH}/Podfile.lock",
				"${PODS_ROOT}/Manifest.lock",
			);
			name = "[CP] Check Pods Manifest.lock";
			outputFileListPaths = (
			);
			outputPaths = (
				"$(DERIVED_FILE_DIR)/Pods-PurdueWashTests-checkManifestLockResult.txt",
			);
			runOnlyForDeploymentPostprocessing = 0;
			shellPath = /bin/sh;
			shellScript = "diff \"${PODS_PODFILE_DIR_PATH}/Podfile.lock\" \"${PODS_ROOT}/Manifest.lock\" > /dev/null\nif [ $? != 0 ] ; then\n    # print error to STDERR\n    echo \"error: The sandbox is not in sync with the Podfile.lock. Run 'pod install' or update your CocoaPods installation.\" >&2\n    exit 1\nfi\n# This output is used by Xcode 'outputs' to avoid re-running this script phase.\necho \"SUCCESS\" > \"${SCRIPT_OUTPUT_FILE_0}\"\n";
			showEnvVarsInLog = 0;
		};
		5A612182229117828BDAFDC0 /* [CP] Check Pods Manifest.lock */ = {
			isa = PBXShellScriptBuildPhase;
			buildActionMask = 2147483647;
			files = (
			);
			inputFileListPaths = (
			);
			inputPaths = (
				"${PODS_PODFILE_DIR_PATH}/Podfile.lock",
				"${PODS_ROOT}/Manifest.lock",
			);
			name = "[CP] Check Pods Manifest.lock";
			outputFileListPaths = (
			);
			outputPaths = (
				"$(DERIVED_FILE_DIR)/Pods-PurdueWash-checkManifestLockResult.txt",
			);
			runOnlyForDeploymentPostprocessing = 0;
			shellPath = /bin/sh;
			shellScript = "diff \"${PODS_PODFILE_DIR_PATH}/Podfile.lock\" \"${PODS_ROOT}/Manifest.lock\" > /dev/null\nif [ $? != 0 ] ; then\n    # print error to STDERR\n    echo \"error: The sandbox is not in sync with the Podfile.lock. Run 'pod install' or update your CocoaPods installation.\" >&2\n    exit 1\nfi\n# This output is used by Xcode 'outputs' to avoid re-running this script phase.\necho \"SUCCESS\" > \"${SCRIPT_OUTPUT_FILE_0}\"\n";
			showEnvVarsInLog = 0;
		};
		B655486A37F905CBFFFE44D4 /* [CP] Check Pods Manifest.lock */ = {
			isa = PBXShellScriptBuildPhase;
			buildActionMask = 2147483647;
			files = (
			);
			inputFileListPaths = (
			);
			inputPaths = (
				"${PODS_PODFILE_DIR_PATH}/Podfile.lock",
				"${PODS_ROOT}/Manifest.lock",
			);
			name = "[CP] Check Pods Manifest.lock";
			outputFileListPaths = (
			);
			outputPaths = (
				"$(DERIVED_FILE_DIR)/Pods-PurdueWashUITests-checkManifestLockResult.txt",
			);
			runOnlyForDeploymentPostprocessing = 0;
			shellPath = /bin/sh;
			shellScript = "diff \"${PODS_PODFILE_DIR_PATH}/Podfile.lock\" \"${PODS_ROOT}/Manifest.lock\" > /dev/null\nif [ $? != 0 ] ; then\n    # print error to STDERR\n    echo \"error: The sandbox is not in sync with the Podfile.lock. Run 'pod install' or update your CocoaPods installation.\" >&2\n    exit 1\nfi\n# This output is used by Xcode 'outputs' to avoid re-running this script phase.\necho \"SUCCESS\" > \"${SCRIPT_OUTPUT_FILE_0}\"\n";
			showEnvVarsInLog = 0;
		};
/* End PBXShellScriptBuildPhase section */

/* Begin PBXSourcesBuildPhase section */
		2445DC19224056490025BA9D /* Sources */ = {
			isa = PBXSourcesBuildPhase;
			buildActionMask = 2147483647;
			files = (
				2445DC4F224059FE0025BA9D /* LaundryRoomTableViewCell.swift in Sources */,
				24FEC9FD22498A2400487847 /* LaundryRoomViewController.swift in Sources */,
				24FEC9FF22498A5800487847 /* MachineTableViewCell.swift in Sources */,
				2445DC21224056490025BA9D /* AppDelegate.swift in Sources */,
				2445DC532240768F0025BA9D /* HomeViewController.swift in Sources */,
			);
			runOnlyForDeploymentPostprocessing = 0;
		};
		2445DC2D2240564A0025BA9D /* Sources */ = {
			isa = PBXSourcesBuildPhase;
			buildActionMask = 2147483647;
			files = (
				2445DC362240564A0025BA9D /* PurdueWashTests.swift in Sources */,
			);
			runOnlyForDeploymentPostprocessing = 0;
		};
		2445DC382240564A0025BA9D /* Sources */ = {
			isa = PBXSourcesBuildPhase;
			buildActionMask = 2147483647;
			files = (
				2445DC412240564A0025BA9D /* PurdueWashUITests.swift in Sources */,
			);
			runOnlyForDeploymentPostprocessing = 0;
		};
/* End PBXSourcesBuildPhase section */

/* Begin PBXTargetDependency section */
		2445DC332240564A0025BA9D /* PBXTargetDependency */ = {
			isa = PBXTargetDependency;
			target = 2445DC1C224056490025BA9D /* PurdueWash */;
			targetProxy = 2445DC322240564A0025BA9D /* PBXContainerItemProxy */;
		};
		2445DC3E2240564A0025BA9D /* PBXTargetDependency */ = {
			isa = PBXTargetDependency;
			target = 2445DC1C224056490025BA9D /* PurdueWash */;
			targetProxy = 2445DC3D2240564A0025BA9D /* PBXContainerItemProxy */;
		};
/* End PBXTargetDependency section */

/* Begin PBXVariantGroup section */
		2445DC24224056490025BA9D /* Main.storyboard */ = {
			isa = PBXVariantGroup;
			children = (
				2445DC25224056490025BA9D /* Base */,
			);
			name = Main.storyboard;
			sourceTree = "<group>";
		};
		2445DC292240564A0025BA9D /* LaunchScreen.storyboard */ = {
			isa = PBXVariantGroup;
			children = (
				2445DC2A2240564A0025BA9D /* Base */,
			);
			name = LaunchScreen.storyboard;
			sourceTree = "<group>";
		};
/* End PBXVariantGroup section */

/* Begin XCBuildConfiguration section */
		2445DC432240564A0025BA9D /* Debug */ = {
			isa = XCBuildConfiguration;
			buildSettings = {
				ALWAYS_SEARCH_USER_PATHS = NO;
				CLANG_ANALYZER_NONNULL = YES;
				CLANG_ANALYZER_NUMBER_OBJECT_CONVERSION = YES_AGGRESSIVE;
				CLANG_CXX_LANGUAGE_STANDARD = "gnu++14";
				CLANG_CXX_LIBRARY = "libc++";
				CLANG_ENABLE_MODULES = YES;
				CLANG_ENABLE_OBJC_ARC = YES;
				CLANG_ENABLE_OBJC_WEAK = YES;
				CLANG_WARN_BLOCK_CAPTURE_AUTORELEASING = YES;
				CLANG_WARN_BOOL_CONVERSION = YES;
				CLANG_WARN_COMMA = YES;
				CLANG_WARN_CONSTANT_CONVERSION = YES;
				CLANG_WARN_DEPRECATED_OBJC_IMPLEMENTATIONS = YES;
				CLANG_WARN_DIRECT_OBJC_ISA_USAGE = YES_ERROR;
				CLANG_WARN_DOCUMENTATION_COMMENTS = YES;
				CLANG_WARN_EMPTY_BODY = YES;
				CLANG_WARN_ENUM_CONVERSION = YES;
				CLANG_WARN_INFINITE_RECURSION = YES;
				CLANG_WARN_INT_CONVERSION = YES;
				CLANG_WARN_NON_LITERAL_NULL_CONVERSION = YES;
				CLANG_WARN_OBJC_IMPLICIT_RETAIN_SELF = YES;
				CLANG_WARN_OBJC_LITERAL_CONVERSION = YES;
				CLANG_WARN_OBJC_ROOT_CLASS = YES_ERROR;
				CLANG_WARN_RANGE_LOOP_ANALYSIS = YES;
				CLANG_WARN_STRICT_PROTOTYPES = YES;
				CLANG_WARN_SUSPICIOUS_MOVE = YES;
				CLANG_WARN_UNGUARDED_AVAILABILITY = YES_AGGRESSIVE;
				CLANG_WARN_UNREACHABLE_CODE = YES;
				CLANG_WARN__DUPLICATE_METHOD_MATCH = YES;
				CODE_SIGN_IDENTITY = "iPhone Developer";
				COPY_PHASE_STRIP = NO;
				DEBUG_INFORMATION_FORMAT = dwarf;
				ENABLE_STRICT_OBJC_MSGSEND = YES;
				ENABLE_TESTABILITY = YES;
				GCC_C_LANGUAGE_STANDARD = gnu11;
				GCC_DYNAMIC_NO_PIC = NO;
				GCC_NO_COMMON_BLOCKS = YES;
				GCC_OPTIMIZATION_LEVEL = 0;
				GCC_PREPROCESSOR_DEFINITIONS = (
					"DEBUG=1",
					"$(inherited)",
				);
				GCC_WARN_64_TO_32_BIT_CONVERSION = YES;
				GCC_WARN_ABOUT_RETURN_TYPE = YES_ERROR;
				GCC_WARN_UNDECLARED_SELECTOR = YES;
				GCC_WARN_UNINITIALIZED_AUTOS = YES_AGGRESSIVE;
				GCC_WARN_UNUSED_FUNCTION = YES;
				GCC_WARN_UNUSED_VARIABLE = YES;
				IPHONEOS_DEPLOYMENT_TARGET = 12.1;
				MTL_ENABLE_DEBUG_INFO = INCLUDE_SOURCE;
				MTL_FAST_MATH = YES;
				ONLY_ACTIVE_ARCH = YES;
				SDKROOT = iphoneos;
				SWIFT_ACTIVE_COMPILATION_CONDITIONS = DEBUG;
				SWIFT_OPTIMIZATION_LEVEL = "-Onone";
			};
			name = Debug;
		};
		2445DC442240564A0025BA9D /* Release */ = {
			isa = XCBuildConfiguration;
			buildSettings = {
				ALWAYS_SEARCH_USER_PATHS = NO;
				CLANG_ANALYZER_NONNULL = YES;
				CLANG_ANALYZER_NUMBER_OBJECT_CONVERSION = YES_AGGRESSIVE;
				CLANG_CXX_LANGUAGE_STANDARD = "gnu++14";
				CLANG_CXX_LIBRARY = "libc++";
				CLANG_ENABLE_MODULES = YES;
				CLANG_ENABLE_OBJC_ARC = YES;
				CLANG_ENABLE_OBJC_WEAK = YES;
				CLANG_WARN_BLOCK_CAPTURE_AUTORELEASING = YES;
				CLANG_WARN_BOOL_CONVERSION = YES;
				CLANG_WARN_COMMA = YES;
				CLANG_WARN_CONSTANT_CONVERSION = YES;
				CLANG_WARN_DEPRECATED_OBJC_IMPLEMENTATIONS = YES;
				CLANG_WARN_DIRECT_OBJC_ISA_USAGE = YES_ERROR;
				CLANG_WARN_DOCUMENTATION_COMMENTS = YES;
				CLANG_WARN_EMPTY_BODY = YES;
				CLANG_WARN_ENUM_CONVERSION = YES;
				CLANG_WARN_INFINITE_RECURSION = YES;
				CLANG_WARN_INT_CONVERSION = YES;
				CLANG_WARN_NON_LITERAL_NULL_CONVERSION = YES;
				CLANG_WARN_OBJC_IMPLICIT_RETAIN_SELF = YES;
				CLANG_WARN_OBJC_LITERAL_CONVERSION = YES;
				CLANG_WARN_OBJC_ROOT_CLASS = YES_ERROR;
				CLANG_WARN_RANGE_LOOP_ANALYSIS = YES;
				CLANG_WARN_STRICT_PROTOTYPES = YES;
				CLANG_WARN_SUSPICIOUS_MOVE = YES;
				CLANG_WARN_UNGUARDED_AVAILABILITY = YES_AGGRESSIVE;
				CLANG_WARN_UNREACHABLE_CODE = YES;
				CLANG_WARN__DUPLICATE_METHOD_MATCH = YES;
				CODE_SIGN_IDENTITY = "iPhone Developer";
				COPY_PHASE_STRIP = NO;
				DEBUG_INFORMATION_FORMAT = "dwarf-with-dsym";
				ENABLE_NS_ASSERTIONS = NO;
				ENABLE_STRICT_OBJC_MSGSEND = YES;
				GCC_C_LANGUAGE_STANDARD = gnu11;
				GCC_NO_COMMON_BLOCKS = YES;
				GCC_WARN_64_TO_32_BIT_CONVERSION = YES;
				GCC_WARN_ABOUT_RETURN_TYPE = YES_ERROR;
				GCC_WARN_UNDECLARED_SELECTOR = YES;
				GCC_WARN_UNINITIALIZED_AUTOS = YES_AGGRESSIVE;
				GCC_WARN_UNUSED_FUNCTION = YES;
				GCC_WARN_UNUSED_VARIABLE = YES;
				IPHONEOS_DEPLOYMENT_TARGET = 12.1;
				MTL_ENABLE_DEBUG_INFO = NO;
				MTL_FAST_MATH = YES;
				SDKROOT = iphoneos;
				SWIFT_COMPILATION_MODE = wholemodule;
				SWIFT_OPTIMIZATION_LEVEL = "-O";
				VALIDATE_PRODUCT = YES;
			};
			name = Release;
		};
		2445DC462240564A0025BA9D /* Debug */ = {
			isa = XCBuildConfiguration;
			baseConfigurationReference = F0751F5664CE0FC4714B4403 /* Pods-PurdueWash.debug.xcconfig */;
			buildSettings = {
				ASSETCATALOG_COMPILER_APPICON_NAME = AppIcon;
				CODE_SIGN_STYLE = Automatic;
				DEVELOPMENT_TEAM = FNH343W5A6;
				INFOPLIST_FILE = PurdueWash/Info.plist;
				LD_RUNPATH_SEARCH_PATHS = (
					"$(inherited)",
					"@executable_path/Frameworks",
				);
				PRODUCT_BUNDLE_IDENTIFIER = com.tobiola.PurdueWash;
				PRODUCT_NAME = "$(TARGET_NAME)";
				SWIFT_VERSION = 4.2;
				TARGETED_DEVICE_FAMILY = "1,2";
			};
			name = Debug;
		};
		2445DC472240564A0025BA9D /* Release */ = {
			isa = XCBuildConfiguration;
			baseConfigurationReference = 39193CCE29F4E052C978E40B /* Pods-PurdueWash.release.xcconfig */;
			buildSettings = {
				ASSETCATALOG_COMPILER_APPICON_NAME = AppIcon;
				CODE_SIGN_STYLE = Automatic;
				DEVELOPMENT_TEAM = FNH343W5A6;
				INFOPLIST_FILE = PurdueWash/Info.plist;
				LD_RUNPATH_SEARCH_PATHS = (
					"$(inherited)",
					"@executable_path/Frameworks",
				);
				PRODUCT_BUNDLE_IDENTIFIER = com.tobiola.PurdueWash;
				PRODUCT_NAME = "$(TARGET_NAME)";
				SWIFT_VERSION = 4.2;
				TARGETED_DEVICE_FAMILY = "1,2";
			};
			name = Release;
		};
		2445DC492240564A0025BA9D /* Debug */ = {
			isa = XCBuildConfiguration;
			baseConfigurationReference = 17BF19F70CFF2534F439E1BA /* Pods-PurdueWashTests.debug.xcconfig */;
			buildSettings = {
				ALWAYS_EMBED_SWIFT_STANDARD_LIBRARIES = YES;
				BUNDLE_LOADER = "$(TEST_HOST)";
				CODE_SIGN_STYLE = Automatic;
				DEVELOPMENT_TEAM = FNH343W5A6;
				INFOPLIST_FILE = PurdueWashTests/Info.plist;
				LD_RUNPATH_SEARCH_PATHS = (
					"$(inherited)",
					"@executable_path/Frameworks",
					"@loader_path/Frameworks",
				);
				PRODUCT_BUNDLE_IDENTIFIER = com.tobiola.PurdueWashTests;
				PRODUCT_NAME = "$(TARGET_NAME)";
				SWIFT_VERSION = 4.2;
				TARGETED_DEVICE_FAMILY = "1,2";
				TEST_HOST = "$(BUILT_PRODUCTS_DIR)/PurdueWash.app/PurdueWash";
			};
			name = Debug;
		};
		2445DC4A2240564A0025BA9D /* Release */ = {
			isa = XCBuildConfiguration;
			baseConfigurationReference = 48C17E4FEBBE3AF70A510422 /* Pods-PurdueWashTests.release.xcconfig */;
			buildSettings = {
				ALWAYS_EMBED_SWIFT_STANDARD_LIBRARIES = YES;
				BUNDLE_LOADER = "$(TEST_HOST)";
				CODE_SIGN_STYLE = Automatic;
				DEVELOPMENT_TEAM = FNH343W5A6;
				INFOPLIST_FILE = PurdueWashTests/Info.plist;
				LD_RUNPATH_SEARCH_PATHS = (
					"$(inherited)",
					"@executable_path/Frameworks",
					"@loader_path/Frameworks",
				);
				PRODUCT_BUNDLE_IDENTIFIER = com.tobiola.PurdueWashTests;
				PRODUCT_NAME = "$(TARGET_NAME)";
				SWIFT_VERSION = 4.2;
				TARGETED_DEVICE_FAMILY = "1,2";
				TEST_HOST = "$(BUILT_PRODUCTS_DIR)/PurdueWash.app/PurdueWash";
			};
			name = Release;
		};
		2445DC4C2240564A0025BA9D /* Debug */ = {
			isa = XCBuildConfiguration;
			baseConfigurationReference = 026BF8AFFB539A219896736F /* Pods-PurdueWashUITests.debug.xcconfig */;
			buildSettings = {
				ALWAYS_EMBED_SWIFT_STANDARD_LIBRARIES = YES;
				CODE_SIGN_STYLE = Automatic;
				DEVELOPMENT_TEAM = FNH343W5A6;
				INFOPLIST_FILE = PurdueWashUITests/Info.plist;
				LD_RUNPATH_SEARCH_PATHS = (
					"$(inherited)",
					"@executable_path/Frameworks",
					"@loader_path/Frameworks",
				);
				PRODUCT_BUNDLE_IDENTIFIER = com.tobiola.PurdueWashUITests;
				PRODUCT_NAME = "$(TARGET_NAME)";
				SWIFT_VERSION = 4.2;
				TARGETED_DEVICE_FAMILY = "1,2";
				TEST_TARGET_NAME = PurdueWash;
			};
			name = Debug;
		};
		2445DC4D2240564A0025BA9D /* Release */ = {
			isa = XCBuildConfiguration;
			baseConfigurationReference = C2DF8E37FFE424D3092BFED3 /* Pods-PurdueWashUITests.release.xcconfig */;
			buildSettings = {
				ALWAYS_EMBED_SWIFT_STANDARD_LIBRARIES = YES;
				CODE_SIGN_STYLE = Automatic;
				DEVELOPMENT_TEAM = FNH343W5A6;
				INFOPLIST_FILE = PurdueWashUITests/Info.plist;
				LD_RUNPATH_SEARCH_PATHS = (
					"$(inherited)",
					"@executable_path/Frameworks",
					"@loader_path/Frameworks",
				);
				PRODUCT_BUNDLE_IDENTIFIER = com.tobiola.PurdueWashUITests;
				PRODUCT_NAME = "$(TARGET_NAME)";
				SWIFT_VERSION = 4.2;
				TARGETED_DEVICE_FAMILY = "1,2";
				TEST_TARGET_NAME = PurdueWash;
			};
			name = Release;
		};
/* End XCBuildConfiguration section */

/* Begin XCConfigurationList section */
		2445DC18224056490025BA9D /* Build configuration list for PBXProject "PurdueWash" */ = {
			isa = XCConfigurationList;
			buildConfigurations = (
				2445DC432240564A0025BA9D /* Debug */,
				2445DC442240564A0025BA9D /* Release */,
			);
			defaultConfigurationIsVisible = 0;
			defaultConfigurationName = Release;
		};
		2445DC452240564A0025BA9D /* Build configuration list for PBXNativeTarget "PurdueWash" */ = {
			isa = XCConfigurationList;
			buildConfigurations = (
				2445DC462240564A0025BA9D /* Debug */,
				2445DC472240564A0025BA9D /* Release */,
			);
			defaultConfigurationIsVisible = 0;
			defaultConfigurationName = Release;
		};
		2445DC482240564A0025BA9D /* Build configuration list for PBXNativeTarget "PurdueWashTests" */ = {
			isa = XCConfigurationList;
			buildConfigurations = (
				2445DC492240564A0025BA9D /* Debug */,
				2445DC4A2240564A0025BA9D /* Release */,
			);
			defaultConfigurationIsVisible = 0;
			defaultConfigurationName = Release;
		};
		2445DC4B2240564A0025BA9D /* Build configuration list for PBXNativeTarget "PurdueWashUITests" */ = {
			isa = XCConfigurationList;
			buildConfigurations = (
				2445DC4C2240564A0025BA9D /* Debug */,
				2445DC4D2240564A0025BA9D /* Release */,
			);
			defaultConfigurationIsVisible = 0;
			defaultConfigurationName = Release;
		};
/* End XCConfigurationList section */
	};
	rootObject = 2445DC15224056490025BA9D /* Project object */;
}
